// !$*UTF8*$!
{
	archiveVersion = 1;
	classes = {
	};
	objectVersion = 55;
	objects = {

/* Begin PBXBuildFile section */
		38CBC5633096F2FBD1F7FAAA /* Pods_ethan_gram.framework in Frameworks */ = {isa = PBXBuildFile; fileRef = 611D644D75E0628D4C3E27F7 /* Pods_ethan_gram.framework */; };
		9D137B3B27BDA57200052F82 /* AppDelegate.swift in Sources */ = {isa = PBXBuildFile; fileRef = 9D137B3A27BDA57200052F82 /* AppDelegate.swift */; };
		9D137B3D27BDA57200052F82 /* SceneDelegate.swift in Sources */ = {isa = PBXBuildFile; fileRef = 9D137B3C27BDA57200052F82 /* SceneDelegate.swift */; };
		9D137B4227BDA57200052F82 /* Main.storyboard in Resources */ = {isa = PBXBuildFile; fileRef = 9D137B4027BDA57200052F82 /* Main.storyboard */; };
		9D137B4427BDA57700052F82 /* Assets.xcassets in Resources */ = {isa = PBXBuildFile; fileRef = 9D137B4327BDA57700052F82 /* Assets.xcassets */; };
		9D137B4727BDA57700052F82 /* LaunchScreen.storyboard in Resources */ = {isa = PBXBuildFile; fileRef = 9D137B4527BDA57700052F82 /* LaunchScreen.storyboard */; };
		9DACD72527C19884002BCC3B /* LoginViewController.swift in Sources */ = {isa = PBXBuildFile; fileRef = 9DACD72427C19884002BCC3B /* LoginViewController.swift */; };
		9DACD72727C1989E002BCC3B /* FeedViewController.swift in Sources */ = {isa = PBXBuildFile; fileRef = 9DACD72627C1989E002BCC3B /* FeedViewController.swift */; };
		9DACD72927C19F41002BCC3B /* CameraViewController.swift in Sources */ = {isa = PBXBuildFile; fileRef = 9DACD72827C19F41002BCC3B /* CameraViewController.swift */; };
		9DACD72B27C2262A002BCC3B /* PostCell.swift in Sources */ = {isa = PBXBuildFile; fileRef = 9DACD72A27C2262A002BCC3B /* PostCell.swift */; };
/* End PBXBuildFile section */

/* Begin PBXFileReference section */
		611D644D75E0628D4C3E27F7 /* Pods_ethan_gram.framework */ = {isa = PBXFileReference; explicitFileType = wrapper.framework; includeInIndex = 0; path = Pods_ethan_gram.framework; sourceTree = BUILT_PRODUCTS_DIR; };
		66F609F56282300C6D9FCCA3 /* Pods-ethan-gram.release.xcconfig */ = {isa = PBXFileReference; includeInIndex = 1; lastKnownFileType = text.xcconfig; name = "Pods-ethan-gram.release.xcconfig"; path = "Target Support Files/Pods-ethan-gram/Pods-ethan-gram.release.xcconfig"; sourceTree = "<group>"; };
		994BE3A798E2AE6FED28302C /* Pods-ethan-gram.debug.xcconfig */ = {isa = PBXFileReference; includeInIndex = 1; lastKnownFileType = text.xcconfig; name = "Pods-ethan-gram.debug.xcconfig"; path = "Target Support Files/Pods-ethan-gram/Pods-ethan-gram.debug.xcconfig"; sourceTree = "<group>"; };
		9D137B3727BDA57200052F82 /* ethan-gram.app */ = {isa = PBXFileReference; explicitFileType = wrapper.application; includeInIndex = 0; path = "ethan-gram.app"; sourceTree = BUILT_PRODUCTS_DIR; };
		9D137B3A27BDA57200052F82 /* AppDelegate.swift */ = {isa = PBXFileReference; lastKnownFileType = sourcecode.swift; path = AppDelegate.swift; sourceTree = "<group>"; };
		9D137B3C27BDA57200052F82 /* SceneDelegate.swift */ = {isa = PBXFileReference; lastKnownFileType = sourcecode.swift; path = SceneDelegate.swift; sourceTree = "<group>"; };
		9D137B4127BDA57200052F82 /* Base */ = {isa = PBXFileReference; lastKnownFileType = file.storyboard; name = Base; path = Base.lproj/Main.storyboard; sourceTree = "<group>"; };
		9D137B4327BDA57700052F82 /* Assets.xcassets */ = {isa = PBXFileReference; lastKnownFileType = folder.assetcatalog; path = Assets.xcassets; sourceTree = "<group>"; };
		9D137B4627BDA57700052F82 /* Base */ = {isa = PBXFileReference; lastKnownFileType = file.storyboard; name = Base; path = Base.lproj/LaunchScreen.storyboard; sourceTree = "<group>"; };
		9D137B4827BDA57700052F82 /* Info.plist */ = {isa = PBXFileReference; lastKnownFileType = text.plist.xml; path = Info.plist; sourceTree = "<group>"; };
		9DACD72427C19884002BCC3B /* LoginViewController.swift */ = {isa = PBXFileReference; lastKnownFileType = sourcecode.swift; path = LoginViewController.swift; sourceTree = "<group>"; };
		9DACD72627C1989E002BCC3B /* FeedViewController.swift */ = {isa = PBXFileReference; lastKnownFileType = sourcecode.swift; path = FeedViewController.swift; sourceTree = "<group>"; };
		9DACD72827C19F41002BCC3B /* CameraViewController.swift */ = {isa = PBXFileReference; lastKnownFileType = sourcecode.swift; path = CameraViewController.swift; sourceTree = "<group>"; };
		9DACD72A27C2262A002BCC3B /* PostCell.swift */ = {isa = PBXFileReference; lastKnownFileType = sourcecode.swift; path = PostCell.swift; sourceTree = "<group>"; };
/* End PBXFileReference section */

/* Begin PBXFrameworksBuildPhase section */
		9D137B3427BDA57200052F82 /* Frameworks */ = {
			isa = PBXFrameworksBuildPhase;
			buildActionMask = 2147483647;
			files = (
				38CBC5633096F2FBD1F7FAAA /* Pods_ethan_gram.framework in Frameworks */,
			);
			runOnlyForDeploymentPostprocessing = 0;
		};
/* End PBXFrameworksBuildPhase section */

/* Begin PBXGroup section */
		0B572CABCAADF1D5DF32D6C8 /* Frameworks */ = {
			isa = PBXGroup;
			children = (
				611D644D75E0628D4C3E27F7 /* Pods_ethan_gram.framework */,
			);
			name = Frameworks;
			sourceTree = "<group>";
		};
		96CB3A132C9F863E4512F3A5 /* Pods */ = {
			isa = PBXGroup;
			children = (
				994BE3A798E2AE6FED28302C /* Pods-ethan-gram.debug.xcconfig */,
				66F609F56282300C6D9FCCA3 /* Pods-ethan-gram.release.xcconfig */,
			);
			path = Pods;
			sourceTree = "<group>";
		};
		9D137B2E27BDA57200052F82 = {
			isa = PBXGroup;
			children = (
				9D137B3927BDA57200052F82 /* ethan-gram */,
				9D137B3827BDA57200052F82 /* Products */,
				96CB3A132C9F863E4512F3A5 /* Pods */,
				0B572CABCAADF1D5DF32D6C8 /* Frameworks */,
			);
			sourceTree = "<group>";
		};
		9D137B3827BDA57200052F82 /* Products */ = {
			isa = PBXGroup;
			children = (
				9D137B3727BDA57200052F82 /* ethan-gram.app */,
			);
			name = Products;
			sourceTree = "<group>";
		};
		9D137B3927BDA57200052F82 /* ethan-gram */ = {
			isa = PBXGroup;
			children = (
				9D137B3A27BDA57200052F82 /* AppDelegate.swift */,
				9D137B3C27BDA57200052F82 /* SceneDelegate.swift */,
				9DACD72427C19884002BCC3B /* LoginViewController.swift */,
				9D137B4027BDA57200052F82 /* Main.storyboard */,
				9DACD72A27C2262A002BCC3B /* PostCell.swift */,
				9DACD72827C19F41002BCC3B /* CameraViewController.swift */,
				9D137B4327BDA57700052F82 /* Assets.xcassets */,
				9D137B4527BDA57700052F82 /* LaunchScreen.storyboard */,
				9D137B4827BDA57700052F82 /* Info.plist */,
				9DACD72627C1989E002BCC3B /* FeedViewController.swift */,
			);
			path = "ethan-gram";
			sourceTree = "<group>";
		};
/* End PBXGroup section */

/* Begin PBXNativeTarget section */
		9D137B3627BDA57200052F82 /* ethan-gram */ = {
			isa = PBXNativeTarget;
			buildConfigurationList = 9D137B4B27BDA57700052F82 /* Build configuration list for PBXNativeTarget "ethan-gram" */;
			buildPhases = (
				5A2710B532194806C8FDE53A /* [CP] Check Pods Manifest.lock */,
				9D137B3327BDA57200052F82 /* Sources */,
				9D137B3427BDA57200052F82 /* Frameworks */,
				9D137B3527BDA57200052F82 /* Resources */,
				3EEADCF86C00072DDEC1BBA9 /* [CP] Embed Pods Frameworks */,
			);
			buildRules = (
			);
			dependencies = (
			);
			name = "ethan-gram";
			productName = "ethan-gram";
			productReference = 9D137B3727BDA57200052F82 /* ethan-gram.app */;
			productType = "com.apple.product-type.application";
		};
/* End PBXNativeTarget section */

/* Begin PBXProject section */
		9D137B2F27BDA57200052F82 /* Project object */ = {
			isa = PBXProject;
			attributes = {
				BuildIndependentTargetsInParallel = 1;
				LastSwiftUpdateCheck = 1320;
				LastUpgradeCheck = 1320;
				TargetAttributes = {
					9D137B3627BDA57200052F82 = {
						CreatedOnToolsVersion = 13.2.1;
					};
				};
			};
			buildConfigurationList = 9D137B3227BDA57200052F82 /* Build configuration list for PBXProject "ethan-gram" */;
			compatibilityVersion = "Xcode 13.0";
			developmentRegion = en;
			hasScannedForEncodings = 0;
			knownRegions = (
				en,
				Base,
			);
			mainGroup = 9D137B2E27BDA57200052F82;
			productRefGroup = 9D137B3827BDA57200052F82 /* Products */;
			projectDirPath = "";
			projectRoot = "";
			targets = (
				9D137B3627BDA57200052F82 /* ethan-gram */,
			);
		};
/* End PBXProject section */

/* Begin PBXResourcesBuildPhase section */
		9D137B3527BDA57200052F82 /* Resources */ = {
			isa = PBXResourcesBuildPhase;
			buildActionMask = 2147483647;
			files = (
				9D137B4727BDA57700052F82 /* LaunchScreen.storyboard in Resources */,
				9D137B4427BDA57700052F82 /* Assets.xcassets in Resources */,
				9D137B4227BDA57200052F82 /* Main.storyboard in Resources */,
			);
			runOnlyForDeploymentPostprocessing = 0;
		};
/* End PBXResourcesBuildPhase section */

/* Begin PBXShellScriptBuildPhase section */
		3EEADCF86C00072DDEC1BBA9 /* [CP] Embed Pods Frameworks */ = {
			isa = PBXShellScriptBuildPhase;
			buildActionMask = 2147483647;
			files = (
			);
			inputFileListPaths = (
				"${PODS_ROOT}/Target Support Files/Pods-ethan-gram/Pods-ethan-gram-frameworks-${CONFIGURATION}-input-files.xcfilelist",
			);
			name = "[CP] Embed Pods Frameworks";
			outputFileListPaths = (
				"${PODS_ROOT}/Target Support Files/Pods-ethan-gram/Pods-ethan-gram-frameworks-${CONFIGURATION}-output-files.xcfilelist",
			);
			runOnlyForDeploymentPostprocessing = 0;
			shellPath = /bin/sh;
			shellScript = "\"${PODS_ROOT}/Target Support Files/Pods-ethan-gram/Pods-ethan-gram-frameworks.sh\"\n";
			showEnvVarsInLog = 0;
		};
		5A2710B532194806C8FDE53A /* [CP] Check Pods Manifest.lock */ = {
			isa = PBXShellScriptBuildPhase;
			buildActionMask = 2147483647;
			files = (
			);
			inputFileListPaths = (
			);
			inputPaths = (
				"${PODS_PODFILE_DIR_PATH}/Podfile.lock",
				"${PODS_ROOT}/Manifest.lock",
			);
			name = "[CP] Check Pods Manifest.lock";
			outputFileListPaths = (
			);
			outputPaths = (
				"$(DERIVED_FILE_DIR)/Pods-ethan-gram-checkManifestLockResult.txt",
			);
			runOnlyForDeploymentPostprocessing = 0;
			shellPath = /bin/sh;
			shellScript = "diff \"${PODS_PODFILE_DIR_PATH}/Podfile.lock\" \"${PODS_ROOT}/Manifest.lock\" > /dev/null\nif [ $? != 0 ] ; then\n    # print error to STDERR\n    echo \"error: The sandbox is not in sync with the Podfile.lock. Run 'pod install' or update your CocoaPods installation.\" >&2\n    exit 1\nfi\n# This output is used by Xcode 'outputs' to avoid re-running this script phase.\necho \"SUCCESS\" > \"${SCRIPT_OUTPUT_FILE_0}\"\n";
			showEnvVarsInLog = 0;
		};
/* End PBXShellScriptBuildPhase section */

/* Begin PBXSourcesBuildPhase section */
		9D137B3327BDA57200052F82 /* Sources */ = {
			isa = PBXSourcesBuildPhase;
			buildActionMask = 2147483647;
			files = (
				9DACD72527C19884002BCC3B /* LoginViewController.swift in Sources */,
				9DACD72927C19F41002BCC3B /* CameraViewController.swift in Sources */,
				9D137B3B27BDA57200052F82 /* AppDelegate.swift in Sources */,
				9DACD72727C1989E002BCC3B /* FeedViewController.swift in Sources */,
				9D137B3D27BDA57200052F82 /* SceneDelegate.swift in Sources */,
				9DACD72B27C2262A002BCC3B /* PostCell.swift in Sources */,
			);
			runOnlyForDeploymentPostprocessing = 0;
		};
/* End PBXSourcesBuildPhase section */

/* Begin PBXVariantGroup section */
		9D137B4027BDA57200052F82 /* Main.storyboard */ = {
			isa = PBXVariantGroup;
			children = (
				9D137B4127BDA57200052F82 /* Base */,
			);
			name = Main.storyboard;
			sourceTree = "<group>";
		};
		9D137B4527BDA57700052F82 /* LaunchScreen.storyboard */ = {
			isa = PBXVariantGroup;
			children = (
				9D137B4627BDA57700052F82 /* Base */,
			);
			name = LaunchScreen.storyboard;
			sourceTree = "<group>";
		};
/* End PBXVariantGroup section */

/* Begin XCBuildConfiguration section */
		9D137B4927BDA57700052F82 /* Debug */ = {
			isa = XCBuildConfiguration;
			buildSettings = {
				ALWAYS_SEARCH_USER_PATHS = NO;
				CLANG_ANALYZER_NONNULL = YES;
				CLANG_ANALYZER_NUMBER_OBJECT_CONVERSION = YES_AGGRESSIVE;
				CLANG_CXX_LANGUAGE_STANDARD = "gnu++17";
				CLANG_CXX_LIBRARY = "libc++";
				CLANG_ENABLE_MODULES = YES;
				CLANG_ENABLE_OBJC_ARC = YES;
				CLANG_ENABLE_OBJC_WEAK = YES;
				CLANG_WARN_BLOCK_CAPTURE_AUTORELEASING = YES;
				CLANG_WARN_BOOL_CONVERSION = YES;
				CLANG_WARN_COMMA = YES;
				CLANG_WARN_CONSTANT_CONVERSION = YES;
				CLANG_WARN_DEPRECATED_OBJC_IMPLEMENTATIONS = YES;
				CLANG_WARN_DIRECT_OBJC_ISA_USAGE = YES_ERROR;
				CLANG_WARN_DOCUMENTATION_COMMENTS = YES;
				CLANG_WARN_EMPTY_BODY = YES;
				CLANG_WARN_ENUM_CONVERSION = YES;
				CLANG_WARN_INFINITE_RECURSION = YES;
				CLANG_WARN_INT_CONVERSION = YES;
				CLANG_WARN_NON_LITERAL_NULL_CONVERSION = YES;
				CLANG_WARN_OBJC_IMPLICIT_RETAIN_SELF = YES;
				CLANG_WARN_OBJC_LITERAL_CONVERSION = YES;
				CLANG_WARN_OBJC_ROOT_CLASS = YES_ERROR;
				CLANG_WARN_QUOTED_INCLUDE_IN_FRAMEWORK_HEADER = YES;
				CLANG_WARN_RANGE_LOOP_ANALYSIS = YES;
				CLANG_WARN_STRICT_PROTOTYPES = YES;
				CLANG_WARN_SUSPICIOUS_MOVE = YES;
				CLANG_WARN_UNGUARDED_AVAILABILITY = YES_AGGRESSIVE;
				CLANG_WARN_UNREACHABLE_CODE = YES;
				CLANG_WARN__DUPLICATE_METHOD_MATCH = YES;
				COPY_PHASE_STRIP = NO;
				DEBUG_INFORMATION_FORMAT = dwarf;
				ENABLE_STRICT_OBJC_MSGSEND = YES;
				ENABLE_TESTABILITY = YES;
				GCC_C_LANGUAGE_STANDARD = gnu11;
				GCC_DYNAMIC_NO_PIC = NO;
				GCC_NO_COMMON_BLOCKS = YES;
				GCC_OPTIMIZATION_LEVEL = 0;
				GCC_PREPROCESSOR_DEFINITIONS = (
					"DEBUG=1",
					"$(inherited)",
				);
				GCC_WARN_64_TO_32_BIT_CONVERSION = YES;
				GCC_WARN_ABOUT_RETURN_TYPE = YES_ERROR;
				GCC_WARN_UNDECLARED_SELECTOR = YES;
				GCC_WARN_UNINITIALIZED_AUTOS = YES_AGGRESSIVE;
				GCC_WARN_UNUSED_FUNCTION = YES;
				GCC_WARN_UNUSED_VARIABLE = YES;
				IPHONEOS_DEPLOYMENT_TARGET = 15.2;
				MTL_ENABLE_DEBUG_INFO = INCLUDE_SOURCE;
				MTL_FAST_MATH = YES;
				ONLY_ACTIVE_ARCH = YES;
				SDKROOT = iphoneos;
				SWIFT_ACTIVE_COMPILATION_CONDITIONS = DEBUG;
				SWIFT_OPTIMIZATION_LEVEL = "-Onone";
			};
			name = Debug;
		};
		9D137B4A27BDA57700052F82 /* Release */ = {
			isa = XCBuildConfiguration;
			buildSettings = {
				ALWAYS_SEARCH_USER_PATHS = NO;
				CLANG_ANALYZER_NONNULL = YES;
				CLANG_ANALYZER_NUMBER_OBJECT_CONVERSION = YES_AGGRESSIVE;
				CLANG_CXX_LANGUAGE_STANDARD = "gnu++17";
				CLANG_CXX_LIBRARY = "libc++";
				CLANG_ENABLE_MODULES = YES;
				CLANG_ENABLE_OBJC_ARC = YES;
				CLANG_ENABLE_OBJC_WEAK = YES;
				CLANG_WARN_BLOCK_CAPTURE_AUTORELEASING = YES;
				CLANG_WARN_BOOL_CONVERSION = YES;
				CLANG_WARN_COMMA = YES;
				CLANG_WARN_CONSTANT_CONVERSION = YES;
				CLANG_WARN_DEPRECATED_OBJC_IMPLEMENTATIONS = YES;
				CLANG_WARN_DIRECT_OBJC_ISA_USAGE = YES_ERROR;
				CLANG_WARN_DOCUMENTATION_COMMENTS = YES;
				CLANG_WARN_EMPTY_BODY = YES;
				CLANG_WARN_ENUM_CONVERSION = YES;
				CLANG_WARN_INFINITE_RECURSION = YES;
				CLANG_WARN_INT_CONVERSION = YES;
				CLANG_WARN_NON_LITERAL_NULL_CONVERSION = YES;
				CLANG_WARN_OBJC_IMPLICIT_RETAIN_SELF = YES;
				CLANG_WARN_OBJC_LITERAL_CONVERSION = YES;
				CLANG_WARN_OBJC_ROOT_CLASS = YES_ERROR;
				CLANG_WARN_QUOTED_INCLUDE_IN_FRAMEWORK_HEADER = YES;
				CLANG_WARN_RANGE_LOOP_ANALYSIS = YES;
				CLANG_WARN_STRICT_PROTOTYPES = YES;
				CLANG_WARN_SUSPICIOUS_MOVE = YES;
				CLANG_WARN_UNGUARDED_AVAILABILITY = YES_AGGRESSIVE;
				CLANG_WARN_UNREACHABLE_CODE = YES;
				CLANG_WARN__DUPLICATE_METHOD_MATCH = YES;
				COPY_PHASE_STRIP = NO;
				DEBUG_INFORMATION_FORMAT = "dwarf-with-dsym";
				ENABLE_NS_ASSERTIONS = NO;
				ENABLE_STRICT_OBJC_MSGSEND = YES;
				GCC_C_LANGUAGE_STANDARD = gnu11;
				GCC_NO_COMMON_BLOCKS = YES;
				GCC_WARN_64_TO_32_BIT_CONVERSION = YES;
				GCC_WARN_ABOUT_RETURN_TYPE = YES_ERROR;
				GCC_WARN_UNDECLARED_SELECTOR = YES;
				GCC_WARN_UNINITIALIZED_AUTOS = YES_AGGRESSIVE;
				GCC_WARN_UNUSED_FUNCTION = YES;
				GCC_WARN_UNUSED_VARIABLE = YES;
				IPHONEOS_DEPLOYMENT_TARGET = 15.2;
				MTL_ENABLE_DEBUG_INFO = NO;
				MTL_FAST_MATH = YES;
				SDKROOT = iphoneos;
				SWIFT_COMPILATION_MODE = wholemodule;
				SWIFT_OPTIMIZATION_LEVEL = "-O";
				VALIDATE_PRODUCT = YES;
			};
			name = Release;
		};
		9D137B4C27BDA57700052F82 /* Debug */ = {
			isa = XCBuildConfiguration;
			baseConfigurationReference = 994BE3A798E2AE6FED28302C /* Pods-ethan-gram.debug.xcconfig */;
			buildSettings = {
				ASSETCATALOG_COMPILER_APPICON_NAME = AppIcon;
				ASSETCATALOG_COMPILER_GLOBAL_ACCENT_COLOR_NAME = AccentColor;
				CODE_SIGN_STYLE = Automatic;
				CURRENT_PROJECT_VERSION = 1;
				GENERATE_INFOPLIST_FILE = YES;
				INFOPLIST_FILE = "ethan-gram/Info.plist";
				INFOPLIST_KEY_UIApplicationSupportsIndirectInputEvents = YES;
				INFOPLIST_KEY_UILaunchStoryboardName = LaunchScreen;
				INFOPLIST_KEY_UIMainStoryboardFile = Main;
				INFOPLIST_KEY_UISupportedInterfaceOrientations_iPad = "UIInterfaceOrientationPortrait UIInterfaceOrientationPortraitUpsideDown UIInterfaceOrientationLandscapeLeft UIInterfaceOrientationLandscapeRight";
				INFOPLIST_KEY_UISupportedInterfaceOrientations_iPhone = "UIInterfaceOrientationPortrait UIInterfaceOrientationLandscapeLeft UIInterfaceOrientationLandscapeRight";
				LD_RUNPATH_SEARCH_PATHS = (
					"$(inherited)",
					"@executable_path/Frameworks",
				);
				MARKETING_VERSION = 1.0;
				PRODUCT_BUNDLE_IDENTIFIER = "lee.ethan-gram";
				PRODUCT_NAME = "$(TARGET_NAME)";
				SWIFT_EMIT_LOC_STRINGS = YES;
				SWIFT_VERSION = 5.0;
				TARGETED_DEVICE_FAMILY = "1,2";
			};
			name = Debug;
		};
		9D137B4D27BDA57700052F82 /* Release */ = {
			isa = XCBuildConfiguration;
			baseConfigurationReference = 66F609F56282300C6D9FCCA3 /* Pods-ethan-gram.release.xcconfig */;
			buildSettings = {
				ASSETCATALOG_COMPILER_APPICON_NAME = AppIcon;
				ASSETCATALOG_COMPILER_GLOBAL_ACCENT_COLOR_NAME = AccentColor;
				CODE_SIGN_STYLE = Automatic;
				CURRENT_PROJECT_VERSION = 1;
				GENERATE_INFOPLIST_FILE = YES;
				INFOPLIST_FILE = "ethan-gram/Info.plist";
				INFOPLIST_KEY_UIApplicationSupportsIndirectInputEvents = YES;
				INFOPLIST_KEY_UILaunchStoryboardName = LaunchScreen;
				INFOPLIST_KEY_UIMainStoryboardFile = Main;
				INFOPLIST_KEY_UISupportedInterfaceOrientations_iPad = "UIInterfaceOrientationPortrait UIInterfaceOrientationPortraitUpsideDown UIInterfaceOrientationLandscapeLeft UIInterfaceOrientationLandscapeRight";
				INFOPLIST_KEY_UISupportedInterfaceOrientations_iPhone = "UIInterfaceOrientationPortrait UIInterfaceOrientationLandscapeLeft UIInterfaceOrientationLandscapeRight";
				LD_RUNPATH_SEARCH_PATHS = (
					"$(inherited)",
					"@executable_path/Frameworks",
				);
				MARKETING_VERSION = 1.0;
				PRODUCT_BUNDLE_IDENTIFIER = "lee.ethan-gram";
				PRODUCT_NAME = "$(TARGET_NAME)";
				SWIFT_EMIT_LOC_STRINGS = YES;
				SWIFT_VERSION = 5.0;
				TARGETED_DEVICE_FAMILY = "1,2";
			};
			name = Release;
		};
/* End XCBuildConfiguration section */

/* Begin XCConfigurationList section */
		9D137B3227BDA57200052F82 /* Build configuration list for PBXProject "ethan-gram" */ = {
			isa = XCConfigurationList;
			buildConfigurations = (
				9D137B4927BDA57700052F82 /* Debug */,
				9D137B4A27BDA57700052F82 /* Release */,
			);
			defaultConfigurationIsVisible = 0;
			defaultConfigurationName = Release;
		};
		9D137B4B27BDA57700052F82 /* Build configuration list for PBXNativeTarget "ethan-gram" */ = {
			isa = XCConfigurationList;
			buildConfigurations = (
				9D137B4C27BDA57700052F82 /* Debug */,
				9D137B4D27BDA57700052F82 /* Release */,
			);
			defaultConfigurationIsVisible = 0;
			defaultConfigurationName = Release;
		};
/* End XCConfigurationList section */
	};
	rootObject = 9D137B2F27BDA57200052F82 /* Project object */;
}
